// !$*UTF8*$!
{
	archiveVersion = 1;
	classes = {
	};
	objectVersion = 46;
	objects = {

/* Begin PBXBuildFile section */
		090C61361AEC2975009B5BB3 /* config.json in Resources */ = {isa = PBXBuildFile; fileRef = 090C61351AEC2975009B5BB3 /* config.json */; };
		090C61381AEC3D6F009B5BB3 /* ZLCollectionReusableView.swift in Sources */ = {isa = PBXBuildFile; fileRef = 090C61371AEC3D6F009B5BB3 /* ZLCollectionReusableView.swift */; };
		091AB6B51AEC64F600FF5B6D /* Markdown.swift in Sources */ = {isa = PBXBuildFile; fileRef = 091AB6B41AEC64F600FF5B6D /* Markdown.swift */; };
		091AB6BC1AED5E5E00FF5B6D /* ZLCollectionViewCell.swift in Sources */ = {isa = PBXBuildFile; fileRef = 091AB6BB1AED5E5E00FF5B6D /* ZLCollectionViewCell.swift */; };
		091AB6BE1AED7A0500FF5B6D /* ZLWebViewController.swift in Sources */ = {isa = PBXBuildFile; fileRef = 091AB6BD1AED7A0500FF5B6D /* ZLWebViewController.swift */; };
		091AB6C01AED92A400FF5B6D /* me.jpg in Resources */ = {isa = PBXBuildFile; fileRef = 091AB6BF1AED92A400FF5B6D /* me.jpg */; };
		091AB6C21AED92F600FF5B6D /* home.jpg in Resources */ = {isa = PBXBuildFile; fileRef = 091AB6C11AED92F600FF5B6D /* home.jpg */; };
		091AB6C41AEDA5A500FF5B6D /* swipe.png in Resources */ = {isa = PBXBuildFile; fileRef = 091AB6C31AEDA5A500FF5B6D /* swipe.png */; };
		091AB6C61AEDA61000FF5B6D /* balancedVerticalLandscape.png in Resources */ = {isa = PBXBuildFile; fileRef = 091AB6C51AEDA61000FF5B6D /* balancedVerticalLandscape.png */; };
		091AB6C81AEDA8EB00FF5B6D /* balancedVertical.png in Resources */ = {isa = PBXBuildFile; fileRef = 091AB6C71AEDA8EB00FF5B6D /* balancedVertical.png */; };
		091AB6CE1AEDAE4D00FF5B6D /* CamlBack.png in Resources */ = {isa = PBXBuildFile; fileRef = 091AB6CD1AEDAE4D00FF5B6D /* CamlBack.png */; };
		09614C7F1AEC4E52002C1F22 /* horoscoper.png in Resources */ = {isa = PBXBuildFile; fileRef = 09614C751AEC4E52002C1F22 /* horoscoper.png */; };
		09614C801AEC4E52002C1F22 /* intersolar.png in Resources */ = {isa = PBXBuildFile; fileRef = 09614C761AEC4E52002C1F22 /* intersolar.png */; };
		09614C811AEC4E52002C1F22 /* intersolar2.png in Resources */ = {isa = PBXBuildFile; fileRef = 09614C771AEC4E52002C1F22 /* intersolar2.png */; };
		09614C821AEC4E52002C1F22 /* murmur.png in Resources */ = {isa = PBXBuildFile; fileRef = 09614C781AEC4E52002C1F22 /* murmur.png */; };
		09614C831AEC4E52002C1F22 /* printf.png in Resources */ = {isa = PBXBuildFile; fileRef = 09614C791AEC4E52002C1F22 /* printf.png */; };
		09614C841AEC4E52002C1F22 /* prolog.jpg in Resources */ = {isa = PBXBuildFile; fileRef = 09614C7A1AEC4E52002C1F22 /* prolog.jpg */; };
		09614C851AEC4E52002C1F22 /* spacinarium.png in Resources */ = {isa = PBXBuildFile; fileRef = 09614C7B1AEC4E52002C1F22 /* spacinarium.png */; };
		09614C861AEC4E52002C1F22 /* talkly.png in Resources */ = {isa = PBXBuildFile; fileRef = 09614C7C1AEC4E52002C1F22 /* talkly.png */; };
		09614C871AEC4E52002C1F22 /* timid-turtle.png in Resources */ = {isa = PBXBuildFile; fileRef = 09614C7D1AEC4E52002C1F22 /* timid-turtle.png */; };
		09614C881AEC4E52002C1F22 /* trig-vs-dots.png in Resources */ = {isa = PBXBuildFile; fileRef = 09614C7E1AEC4E52002C1F22 /* trig-vs-dots.png */; };
		09614C971AEC62F8002C1F22 /* ZLSectionHeaderView.swift in Sources */ = {isa = PBXBuildFile; fileRef = 09614C961AEC62F8002C1F22 /* ZLSectionHeaderView.swift */; };
		0996AE261ADB2DC30022CF64 /* AppDelegate.swift in Sources */ = {isa = PBXBuildFile; fileRef = 0996AE251ADB2DC30022CF64 /* AppDelegate.swift */; };
		0996AE2B1ADB2DC30022CF64 /* Main.storyboard in Resources */ = {isa = PBXBuildFile; fileRef = 0996AE291ADB2DC30022CF64 /* Main.storyboard */; };
		0996AE2D1ADB2DC30022CF64 /* Images.xcassets in Resources */ = {isa = PBXBuildFile; fileRef = 0996AE2C1ADB2DC30022CF64 /* Images.xcassets */; };
		0996AE301ADB2DC30022CF64 /* LaunchScreen.xib in Resources */ = {isa = PBXBuildFile; fileRef = 0996AE2E1ADB2DC30022CF64 /* LaunchScreen.xib */; };
		0996AE3C1ADB2DC30022CF64 /* Zhixuan_LaiTests.swift in Sources */ = {isa = PBXBuildFile; fileRef = 0996AE3B1ADB2DC30022CF64 /* Zhixuan_LaiTests.swift */; };
		099F56E61AEC27F6006BFFC9 /* ZLMainCollectionViewController.swift in Sources */ = {isa = PBXBuildFile; fileRef = 099F56E51AEC27F6006BFFC9 /* ZLMainCollectionViewController.swift */; };
		0BE2711449E6FFC6C57380D0 /* Pods.framework in Frameworks */ = {isa = PBXBuildFile; fileRef = DFCA8326612E0BE759AF404E /* Pods.framework */; settings = {ATTRIBUTES = (Weak, ); }; };
		A2464B56A86F9D47B061F06E /* Pods.framework in Frameworks */ = {isa = PBXBuildFile; fileRef = DFCA8326612E0BE759AF404E /* Pods.framework */; settings = {ATTRIBUTES = (Weak, ); }; };
/* End PBXBuildFile section */

/* Begin PBXContainerItemProxy section */
		0996AE361ADB2DC30022CF64 /* PBXContainerItemProxy */ = {
			isa = PBXContainerItemProxy;
			containerPortal = 0996AE181ADB2DC30022CF64 /* Project object */;
			proxyType = 1;
			remoteGlobalIDString = 0996AE1F1ADB2DC30022CF64;
			remoteInfo = "Zhixuan Lai";
		};
/* End PBXContainerItemProxy section */

/* Begin PBXCopyFilesBuildPhase section */
		09614C9E1AEC6312002C1F22 /* Embed Frameworks */ = {
			isa = PBXCopyFilesBuildPhase;
			buildActionMask = 2147483647;
			dstPath = "";
			dstSubfolderSpec = 10;
			files = (
			);
			name = "Embed Frameworks";
			runOnlyForDeploymentPostprocessing = 0;
		};
/* End PBXCopyFilesBuildPhase section */

/* Begin PBXFileReference section */
		090C61351AEC2975009B5BB3 /* config.json */ = {isa = PBXFileReference; fileEncoding = 4; lastKnownFileType = text.json; path = config.json; sourceTree = "<group>"; };
		090C61371AEC3D6F009B5BB3 /* ZLCollectionReusableView.swift */ = {isa = PBXFileReference; fileEncoding = 4; lastKnownFileType = sourcecode.swift; path = ZLCollectionReusableView.swift; sourceTree = "<group>"; };
		091AB6B41AEC64F600FF5B6D /* Markdown.swift */ = {isa = PBXFileReference; fileEncoding = 4; lastKnownFileType = sourcecode.swift; path = Markdown.swift; sourceTree = "<group>"; };
		091AB6B71AEC691400FF5B6D /* Zhixuan Lai-Bridging-Header.h */ = {isa = PBXFileReference; lastKnownFileType = sourcecode.c.h; path = "Zhixuan Lai-Bridging-Header.h"; sourceTree = SOURCE_ROOT; };
		091AB6BB1AED5E5E00FF5B6D /* ZLCollectionViewCell.swift */ = {isa = PBXFileReference; fileEncoding = 4; lastKnownFileType = sourcecode.swift; path = ZLCollectionViewCell.swift; sourceTree = "<group>"; };
		091AB6BD1AED7A0500FF5B6D /* ZLWebViewController.swift */ = {isa = PBXFileReference; fileEncoding = 4; lastKnownFileType = sourcecode.swift; path = ZLWebViewController.swift; sourceTree = "<group>"; };
		091AB6BF1AED92A400FF5B6D /* me.jpg */ = {isa = PBXFileReference; lastKnownFileType = image.jpeg; path = me.jpg; sourceTree = "<group>"; };
		091AB6C11AED92F600FF5B6D /* home.jpg */ = {isa = PBXFileReference; lastKnownFileType = image.jpeg; path = home.jpg; sourceTree = "<group>"; };
		091AB6C31AEDA5A500FF5B6D /* swipe.png */ = {isa = PBXFileReference; lastKnownFileType = image.png; path = swipe.png; sourceTree = "<group>"; };
		091AB6C51AEDA61000FF5B6D /* balancedVerticalLandscape.png */ = {isa = PBXFileReference; lastKnownFileType = image.png; path = balancedVerticalLandscape.png; sourceTree = "<group>"; };
		091AB6C71AEDA8EB00FF5B6D /* balancedVertical.png */ = {isa = PBXFileReference; lastKnownFileType = image.png; path = balancedVertical.png; sourceTree = "<group>"; };
		091AB6CD1AEDAE4D00FF5B6D /* CamlBack.png */ = {isa = PBXFileReference; lastKnownFileType = image.png; path = CamlBack.png; sourceTree = "<group>"; };
		09614C751AEC4E52002C1F22 /* horoscoper.png */ = {isa = PBXFileReference; lastKnownFileType = image.png; path = horoscoper.png; sourceTree = "<group>"; };
		09614C761AEC4E52002C1F22 /* intersolar.png */ = {isa = PBXFileReference; lastKnownFileType = image.png; path = intersolar.png; sourceTree = "<group>"; };
		09614C771AEC4E52002C1F22 /* intersolar2.png */ = {isa = PBXFileReference; lastKnownFileType = image.png; path = intersolar2.png; sourceTree = "<group>"; };
		09614C781AEC4E52002C1F22 /* murmur.png */ = {isa = PBXFileReference; lastKnownFileType = image.png; path = murmur.png; sourceTree = "<group>"; };
		09614C791AEC4E52002C1F22 /* printf.png */ = {isa = PBXFileReference; lastKnownFileType = image.png; path = printf.png; sourceTree = "<group>"; };
		09614C7A1AEC4E52002C1F22 /* prolog.jpg */ = {isa = PBXFileReference; lastKnownFileType = image.jpeg; path = prolog.jpg; sourceTree = "<group>"; };
		09614C7B1AEC4E52002C1F22 /* spacinarium.png */ = {isa = PBXFileReference; lastKnownFileType = image.png; path = spacinarium.png; sourceTree = "<group>"; };
		09614C7C1AEC4E52002C1F22 /* talkly.png */ = {isa = PBXFileReference; lastKnownFileType = image.png; path = talkly.png; sourceTree = "<group>"; };
		09614C7D1AEC4E52002C1F22 /* timid-turtle.png */ = {isa = PBXFileReference; lastKnownFileType = image.png; path = "timid-turtle.png"; sourceTree = "<group>"; };
		09614C7E1AEC4E52002C1F22 /* trig-vs-dots.png */ = {isa = PBXFileReference; lastKnownFileType = image.png; path = "trig-vs-dots.png"; sourceTree = "<group>"; };
		09614C961AEC62F8002C1F22 /* ZLSectionHeaderView.swift */ = {isa = PBXFileReference; fileEncoding = 4; lastKnownFileType = sourcecode.swift; path = ZLSectionHeaderView.swift; sourceTree = "<group>"; };
		0996AE201ADB2DC30022CF64 /* Zhixuan Lai.app */ = {isa = PBXFileReference; explicitFileType = wrapper.application; includeInIndex = 0; path = "Zhixuan Lai.app"; sourceTree = BUILT_PRODUCTS_DIR; };
		0996AE241ADB2DC30022CF64 /* Info.plist */ = {isa = PBXFileReference; lastKnownFileType = text.plist.xml; path = Info.plist; sourceTree = "<group>"; };
		0996AE251ADB2DC30022CF64 /* AppDelegate.swift */ = {isa = PBXFileReference; lastKnownFileType = sourcecode.swift; path = AppDelegate.swift; sourceTree = "<group>"; };
		0996AE2A1ADB2DC30022CF64 /* Base */ = {isa = PBXFileReference; lastKnownFileType = file.storyboard; name = Base; path = Base.lproj/Main.storyboard; sourceTree = "<group>"; };
		0996AE2C1ADB2DC30022CF64 /* Images.xcassets */ = {isa = PBXFileReference; lastKnownFileType = folder.assetcatalog; path = Images.xcassets; sourceTree = "<group>"; };
		0996AE2F1ADB2DC30022CF64 /* Base */ = {isa = PBXFileReference; lastKnownFileType = file.xib; name = Base; path = Base.lproj/LaunchScreen.xib; sourceTree = "<group>"; };
		0996AE351ADB2DC30022CF64 /* Zhixuan LaiTests.xctest */ = {isa = PBXFileReference; explicitFileType = wrapper.cfbundle; includeInIndex = 0; path = "Zhixuan LaiTests.xctest"; sourceTree = BUILT_PRODUCTS_DIR; };
		0996AE3A1ADB2DC30022CF64 /* Info.plist */ = {isa = PBXFileReference; lastKnownFileType = text.plist.xml; path = Info.plist; sourceTree = "<group>"; };
		0996AE3B1ADB2DC30022CF64 /* Zhixuan_LaiTests.swift */ = {isa = PBXFileReference; lastKnownFileType = sourcecode.swift; path = Zhixuan_LaiTests.swift; sourceTree = "<group>"; };
		099F56E51AEC27F6006BFFC9 /* ZLMainCollectionViewController.swift */ = {isa = PBXFileReference; fileEncoding = 4; lastKnownFileType = sourcecode.swift; path = ZLMainCollectionViewController.swift; sourceTree = "<group>"; };
		337BA60D99158BB672063A86 /* Pods.debug.xcconfig */ = {isa = PBXFileReference; includeInIndex = 1; lastKnownFileType = text.xcconfig; name = Pods.debug.xcconfig; path = "Pods/Target Support Files/Pods/Pods.debug.xcconfig"; sourceTree = "<group>"; };
		4FD9CEA63AE85B8FB4F2EBC1 /* Pods-Zhixuan Lai.debug.xcconfig */ = {isa = PBXFileReference; includeInIndex = 1; lastKnownFileType = text.xcconfig; name = "Pods-Zhixuan Lai.debug.xcconfig"; path = "Pods/Target Support Files/Pods-Zhixuan Lai/Pods-Zhixuan Lai.debug.xcconfig"; sourceTree = "<group>"; };
		62084BF0575433DAA4287A86 /* Pods-Zhixuan Lai.release.xcconfig */ = {isa = PBXFileReference; includeInIndex = 1; lastKnownFileType = text.xcconfig; name = "Pods-Zhixuan Lai.release.xcconfig"; path = "Pods/Target Support Files/Pods-Zhixuan Lai/Pods-Zhixuan Lai.release.xcconfig"; sourceTree = "<group>"; };
		C35E64CA5A2E695D1F8BED87 /* Pods.release.xcconfig */ = {isa = PBXFileReference; includeInIndex = 1; lastKnownFileType = text.xcconfig; name = Pods.release.xcconfig; path = "Pods/Target Support Files/Pods/Pods.release.xcconfig"; sourceTree = "<group>"; };
		C4C2C4E5BFEDE26D572D7706 /* Pods_Zhixuan_Lai.framework */ = {isa = PBXFileReference; explicitFileType = wrapper.framework; includeInIndex = 0; path = Pods_Zhixuan_Lai.framework; sourceTree = BUILT_PRODUCTS_DIR; };
		DFCA8326612E0BE759AF404E /* Pods.framework */ = {isa = PBXFileReference; explicitFileType = wrapper.framework; includeInIndex = 0; path = Pods.framework; sourceTree = BUILT_PRODUCTS_DIR; };
/* End PBXFileReference section */

/* Begin PBXFrameworksBuildPhase section */
		0996AE1D1ADB2DC30022CF64 /* Frameworks */ = {
			isa = PBXFrameworksBuildPhase;
			buildActionMask = 2147483647;
			files = (
				A2464B56A86F9D47B061F06E /* Pods.framework in Frameworks */,
			);
			runOnlyForDeploymentPostprocessing = 0;
		};
		0996AE321ADB2DC30022CF64 /* Frameworks */ = {
			isa = PBXFrameworksBuildPhase;
			buildActionMask = 2147483647;
			files = (
				0BE2711449E6FFC6C57380D0 /* Pods.framework in Frameworks */,
			);
			runOnlyForDeploymentPostprocessing = 0;
		};
/* End PBXFrameworksBuildPhase section */

/* Begin PBXGroup section */
		09614C741AEC4E52002C1F22 /* imgs */ = {
			isa = PBXGroup;
			children = (
				09614C751AEC4E52002C1F22 /* horoscoper.png */,
				091AB6CD1AEDAE4D00FF5B6D /* CamlBack.png */,
				091AB6C11AED92F600FF5B6D /* home.jpg */,
				091AB6BF1AED92A400FF5B6D /* me.jpg */,
				09614C761AEC4E52002C1F22 /* intersolar.png */,
				091AB6C51AEDA61000FF5B6D /* balancedVerticalLandscape.png */,
				091AB6C71AEDA8EB00FF5B6D /* balancedVertical.png */,
				09614C771AEC4E52002C1F22 /* intersolar2.png */,
				091AB6C31AEDA5A500FF5B6D /* swipe.png */,
				09614C781AEC4E52002C1F22 /* murmur.png */,
				09614C791AEC4E52002C1F22 /* printf.png */,
				09614C7A1AEC4E52002C1F22 /* prolog.jpg */,
				09614C7B1AEC4E52002C1F22 /* spacinarium.png */,
				09614C7C1AEC4E52002C1F22 /* talkly.png */,
				09614C7D1AEC4E52002C1F22 /* timid-turtle.png */,
				09614C7E1AEC4E52002C1F22 /* trig-vs-dots.png */,
			);
			name = imgs;
			path = ../../imgs;
			sourceTree = "<group>";
		};
		0996AE171ADB2DC30022CF64 = {
			isa = PBXGroup;
			children = (
				0996AE221ADB2DC30022CF64 /* Zhixuan Lai */,
				0996AE381ADB2DC30022CF64 /* Zhixuan LaiTests */,
				0996AE211ADB2DC30022CF64 /* Products */,
				C6F13AD94ED2F954231E3FC0 /* Pods */,
				FB31EACE5C51380A25B27961 /* Frameworks */,
			);
			sourceTree = "<group>";
		};
		0996AE211ADB2DC30022CF64 /* Products */ = {
			isa = PBXGroup;
			children = (
				0996AE201ADB2DC30022CF64 /* Zhixuan Lai.app */,
				0996AE351ADB2DC30022CF64 /* Zhixuan LaiTests.xctest */,
			);
			name = Products;
			sourceTree = "<group>";
		};
		0996AE221ADB2DC30022CF64 /* Zhixuan Lai */ = {
			isa = PBXGroup;
			children = (
				0996AE251ADB2DC30022CF64 /* AppDelegate.swift */,
				099F56E51AEC27F6006BFFC9 /* ZLMainCollectionViewController.swift */,
				091AB6BB1AED5E5E00FF5B6D /* ZLCollectionViewCell.swift */,
				09614C961AEC62F8002C1F22 /* ZLSectionHeaderView.swift */,
				091AB6BD1AED7A0500FF5B6D /* ZLWebViewController.swift */,
				090C61351AEC2975009B5BB3 /* config.json */,
				090C61371AEC3D6F009B5BB3 /* ZLCollectionReusableView.swift */,
				091AB6B41AEC64F600FF5B6D /* Markdown.swift */,
				0996AE291ADB2DC30022CF64 /* Main.storyboard */,
				0996AE2C1ADB2DC30022CF64 /* Images.xcassets */,
				0996AE2E1ADB2DC30022CF64 /* LaunchScreen.xib */,
				09614C741AEC4E52002C1F22 /* imgs */,
				0996AE231ADB2DC30022CF64 /* Supporting Files */,
			);
			path = "Zhixuan Lai";
			sourceTree = "<group>";
		};
		0996AE231ADB2DC30022CF64 /* Supporting Files */ = {
			isa = PBXGroup;
			children = (
				091AB6B71AEC691400FF5B6D /* Zhixuan Lai-Bridging-Header.h */,
				0996AE241ADB2DC30022CF64 /* Info.plist */,
			);
			name = "Supporting Files";
			sourceTree = "<group>";
		};
		0996AE381ADB2DC30022CF64 /* Zhixuan LaiTests */ = {
			isa = PBXGroup;
			children = (
				0996AE3B1ADB2DC30022CF64 /* Zhixuan_LaiTests.swift */,
				0996AE391ADB2DC30022CF64 /* Supporting Files */,
			);
			path = "Zhixuan LaiTests";
			sourceTree = "<group>";
		};
		0996AE391ADB2DC30022CF64 /* Supporting Files */ = {
			isa = PBXGroup;
			children = (
				0996AE3A1ADB2DC30022CF64 /* Info.plist */,
			);
			name = "Supporting Files";
			sourceTree = "<group>";
		};
		C6F13AD94ED2F954231E3FC0 /* Pods */ = {
			isa = PBXGroup;
			children = (
				4FD9CEA63AE85B8FB4F2EBC1 /* Pods-Zhixuan Lai.debug.xcconfig */,
				62084BF0575433DAA4287A86 /* Pods-Zhixuan Lai.release.xcconfig */,
				337BA60D99158BB672063A86 /* Pods.debug.xcconfig */,
				C35E64CA5A2E695D1F8BED87 /* Pods.release.xcconfig */,
			);
			name = Pods;
			sourceTree = "<group>";
		};
		FB31EACE5C51380A25B27961 /* Frameworks */ = {
			isa = PBXGroup;
			children = (
				C4C2C4E5BFEDE26D572D7706 /* Pods_Zhixuan_Lai.framework */,
				DFCA8326612E0BE759AF404E /* Pods.framework */,
			);
			name = Frameworks;
			sourceTree = "<group>";
		};
/* End PBXGroup section */

/* Begin PBXNativeTarget section */
		0996AE1F1ADB2DC30022CF64 /* Zhixuan Lai */ = {
			isa = PBXNativeTarget;
			buildConfigurationList = 0996AE3F1ADB2DC30022CF64 /* Build configuration list for PBXNativeTarget "Zhixuan Lai" */;
			buildPhases = (
				E3F1C764EF60D0ACE243D9C5 /* Check Pods Manifest.lock */,
				0996AE1C1ADB2DC30022CF64 /* Sources */,
				0996AE1D1ADB2DC30022CF64 /* Frameworks */,
				0996AE1E1ADB2DC30022CF64 /* Resources */,
				578BD7C1E7922F3FF94A0D55 /* Copy Pods Resources */,
				32F6049633C37FB584F73B76 /* Embed Pods Frameworks */,
				09614C9E1AEC6312002C1F22 /* Embed Frameworks */,
			);
			buildRules = (
			);
			dependencies = (
			);
			name = "Zhixuan Lai";
			productName = "Zhixuan Lai";
			productReference = 0996AE201ADB2DC30022CF64 /* Zhixuan Lai.app */;
			productType = "com.apple.product-type.application";
		};
		0996AE341ADB2DC30022CF64 /* Zhixuan LaiTests */ = {
			isa = PBXNativeTarget;
			buildConfigurationList = 0996AE421ADB2DC30022CF64 /* Build configuration list for PBXNativeTarget "Zhixuan LaiTests" */;
			buildPhases = (
				1BAEE60B68F03A045397D049 /* Check Pods Manifest.lock */,
				0996AE311ADB2DC30022CF64 /* Sources */,
				0996AE321ADB2DC30022CF64 /* Frameworks */,
				0996AE331ADB2DC30022CF64 /* Resources */,
				6BBA5335A7BE3173413D9E79 /* Embed Pods Frameworks */,
				A4BCA1B64D0486E4779B3E9D /* Copy Pods Resources */,
			);
			buildRules = (
			);
			dependencies = (
				0996AE371ADB2DC30022CF64 /* PBXTargetDependency */,
			);
			name = "Zhixuan LaiTests";
			productName = "Zhixuan LaiTests";
			productReference = 0996AE351ADB2DC30022CF64 /* Zhixuan LaiTests.xctest */;
			productType = "com.apple.product-type.bundle.unit-test";
		};
/* End PBXNativeTarget section */

/* Begin PBXProject section */
		0996AE181ADB2DC30022CF64 /* Project object */ = {
			isa = PBXProject;
			attributes = {
				LastUpgradeCheck = 0630;
				ORGANIZATIONNAME = "Zhixuan Lai";
				TargetAttributes = {
					0996AE1F1ADB2DC30022CF64 = {
						CreatedOnToolsVersion = 6.3;
					};
					0996AE341ADB2DC30022CF64 = {
						CreatedOnToolsVersion = 6.3;
						TestTargetID = 0996AE1F1ADB2DC30022CF64;
					};
				};
			};
			buildConfigurationList = 0996AE1B1ADB2DC30022CF64 /* Build configuration list for PBXProject "Zhixuan Lai" */;
			compatibilityVersion = "Xcode 3.2";
			developmentRegion = English;
			hasScannedForEncodings = 0;
			knownRegions = (
				en,
				Base,
			);
			mainGroup = 0996AE171ADB2DC30022CF64;
			productRefGroup = 0996AE211ADB2DC30022CF64 /* Products */;
			projectDirPath = "";
			projectRoot = "";
			targets = (
				0996AE1F1ADB2DC30022CF64 /* Zhixuan Lai */,
				0996AE341ADB2DC30022CF64 /* Zhixuan LaiTests */,
			);
		};
/* End PBXProject section */

/* Begin PBXResourcesBuildPhase section */
		0996AE1E1ADB2DC30022CF64 /* Resources */ = {
			isa = PBXResourcesBuildPhase;
			buildActionMask = 2147483647;
			files = (
				091AB6C21AED92F600FF5B6D /* home.jpg in Resources */,
				091AB6CE1AEDAE4D00FF5B6D /* CamlBack.png in Resources */,
				091AB6C61AEDA61000FF5B6D /* balancedVerticalLandscape.png in Resources */,
				09614C851AEC4E52002C1F22 /* spacinarium.png in Resources */,
				09614C871AEC4E52002C1F22 /* timid-turtle.png in Resources */,
				09614C801AEC4E52002C1F22 /* intersolar.png in Resources */,
				09614C811AEC4E52002C1F22 /* intersolar2.png in Resources */,
				09614C841AEC4E52002C1F22 /* prolog.jpg in Resources */,
				091AB6C41AEDA5A500FF5B6D /* swipe.png in Resources */,
				091AB6C01AED92A400FF5B6D /* me.jpg in Resources */,
				09614C831AEC4E52002C1F22 /* printf.png in Resources */,
				09614C7F1AEC4E52002C1F22 /* horoscoper.png in Resources */,
				0996AE2B1ADB2DC30022CF64 /* Main.storyboard in Resources */,
				090C61361AEC2975009B5BB3 /* config.json in Resources */,
				09614C821AEC4E52002C1F22 /* murmur.png in Resources */,
				09614C881AEC4E52002C1F22 /* trig-vs-dots.png in Resources */,
				0996AE301ADB2DC30022CF64 /* LaunchScreen.xib in Resources */,
				091AB6C81AEDA8EB00FF5B6D /* balancedVertical.png in Resources */,
				09614C861AEC4E52002C1F22 /* talkly.png in Resources */,
				0996AE2D1ADB2DC30022CF64 /* Images.xcassets in Resources */,
			);
			runOnlyForDeploymentPostprocessing = 0;
		};
		0996AE331ADB2DC30022CF64 /* Resources */ = {
			isa = PBXResourcesBuildPhase;
			buildActionMask = 2147483647;
			files = (
			);
			runOnlyForDeploymentPostprocessing = 0;
		};
/* End PBXResourcesBuildPhase section */

/* Begin PBXShellScriptBuildPhase section */
		1BAEE60B68F03A045397D049 /* Check Pods Manifest.lock */ = {
			isa = PBXShellScriptBuildPhase;
			buildActionMask = 2147483647;
			files = (
			);
			inputPaths = (
			);
			name = "Check Pods Manifest.lock";
			outputPaths = (
			);
			runOnlyForDeploymentPostprocessing = 0;
			shellPath = /bin/sh;
			shellScript = "diff \"${PODS_ROOT}/../Podfile.lock\" \"${PODS_ROOT}/Manifest.lock\" > /dev/null\nif [[ $? != 0 ]] ; then\n    cat << EOM\nerror: The sandbox is not in sync with the Podfile.lock. Run 'pod install' or update your CocoaPods installation.\nEOM\n    exit 1\nfi\n";
			showEnvVarsInLog = 0;
		};
		32F6049633C37FB584F73B76 /* Embed Pods Frameworks */ = {
			isa = PBXShellScriptBuildPhase;
			buildActionMask = 2147483647;
			files = (
			);
			inputPaths = (
			);
			name = "Embed Pods Frameworks";
			outputPaths = (
			);
			runOnlyForDeploymentPostprocessing = 0;
			shellPath = /bin/sh;
			shellScript = "\"${SRCROOT}/Pods/Target Support Files/Pods/Pods-frameworks.sh\"\n";
			showEnvVarsInLog = 0;
		};
		578BD7C1E7922F3FF94A0D55 /* Copy Pods Resources */ = {
			isa = PBXShellScriptBuildPhase;
			buildActionMask = 2147483647;
			files = (
			);
			inputPaths = (
			);
			name = "Copy Pods Resources";
			outputPaths = (
			);
			runOnlyForDeploymentPostprocessing = 0;
			shellPath = /bin/sh;
			shellScript = "\"${SRCROOT}/Pods/Target Support Files/Pods/Pods-resources.sh\"\n";
			showEnvVarsInLog = 0;
		};
		6BBA5335A7BE3173413D9E79 /* Embed Pods Frameworks */ = {
			isa = PBXShellScriptBuildPhase;
			buildActionMask = 2147483647;
			files = (
			);
			inputPaths = (
			);
			name = "Embed Pods Frameworks";
			outputPaths = (
			);
			runOnlyForDeploymentPostprocessing = 0;
			shellPath = /bin/sh;
			shellScript = "\"${SRCROOT}/Pods/Target Support Files/Pods/Pods-frameworks.sh\"\n";
			showEnvVarsInLog = 0;
		};
		A4BCA1B64D0486E4779B3E9D /* Copy Pods Resources */ = {
			isa = PBXShellScriptBuildPhase;
			buildActionMask = 2147483647;
			files = (
			);
			inputPaths = (
			);
			name = "Copy Pods Resources";
			outputPaths = (
			);
			runOnlyForDeploymentPostprocessing = 0;
			shellPath = /bin/sh;
			shellScript = "\"${SRCROOT}/Pods/Target Support Files/Pods/Pods-resources.sh\"\n";
			showEnvVarsInLog = 0;
		};
		E3F1C764EF60D0ACE243D9C5 /* Check Pods Manifest.lock */ = {
			isa = PBXShellScriptBuildPhase;
			buildActionMask = 2147483647;
			files = (
			);
			inputPaths = (
			);
			name = "Check Pods Manifest.lock";
			outputPaths = (
			);
			runOnlyForDeploymentPostprocessing = 0;
			shellPath = /bin/sh;
			shellScript = "diff \"${PODS_ROOT}/../Podfile.lock\" \"${PODS_ROOT}/Manifest.lock\" > /dev/null\nif [[ $? != 0 ]] ; then\n    cat << EOM\nerror: The sandbox is not in sync with the Podfile.lock. Run 'pod install' or update your CocoaPods installation.\nEOM\n    exit 1\nfi\n";
			showEnvVarsInLog = 0;
		};
/* End PBXShellScriptBuildPhase section */

/* Begin PBXSourcesBuildPhase section */
		0996AE1C1ADB2DC30022CF64 /* Sources */ = {
			isa = PBXSourcesBuildPhase;
			buildActionMask = 2147483647;
			files = (
				091AB6BC1AED5E5E00FF5B6D /* ZLCollectionViewCell.swift in Sources */,
				09614C971AEC62F8002C1F22 /* ZLSectionHeaderView.swift in Sources */,
				091AB6B51AEC64F600FF5B6D /* Markdown.swift in Sources */,
				090C61381AEC3D6F009B5BB3 /* ZLCollectionReusableView.swift in Sources */,
				099F56E61AEC27F6006BFFC9 /* ZLMainCollectionViewController.swift in Sources */,
				091AB6BE1AED7A0500FF5B6D /* ZLWebViewController.swift in Sources */,
				0996AE261ADB2DC30022CF64 /* AppDelegate.swift in Sources */,
			);
			runOnlyForDeploymentPostprocessing = 0;
		};
		0996AE311ADB2DC30022CF64 /* Sources */ = {
			isa = PBXSourcesBuildPhase;
			buildActionMask = 2147483647;
			files = (
				0996AE3C1ADB2DC30022CF64 /* Zhixuan_LaiTests.swift in Sources */,
			);
			runOnlyForDeploymentPostprocessing = 0;
		};
/* End PBXSourcesBuildPhase section */

/* Begin PBXTargetDependency section */
		0996AE371ADB2DC30022CF64 /* PBXTargetDependency */ = {
			isa = PBXTargetDependency;
			target = 0996AE1F1ADB2DC30022CF64 /* Zhixuan Lai */;
			targetProxy = 0996AE361ADB2DC30022CF64 /* PBXContainerItemProxy */;
		};
/* End PBXTargetDependency section */

/* Begin PBXVariantGroup section */
		0996AE291ADB2DC30022CF64 /* Main.storyboard */ = {
			isa = PBXVariantGroup;
			children = (
				0996AE2A1ADB2DC30022CF64 /* Base */,
			);
			name = Main.storyboard;
			sourceTree = "<group>";
		};
		0996AE2E1ADB2DC30022CF64 /* LaunchScreen.xib */ = {
			isa = PBXVariantGroup;
			children = (
				0996AE2F1ADB2DC30022CF64 /* Base */,
			);
			name = LaunchScreen.xib;
			sourceTree = "<group>";
		};
/* End PBXVariantGroup section */

/* Begin XCBuildConfiguration section */
		0996AE3D1ADB2DC30022CF64 /* Debug */ = {
			isa = XCBuildConfiguration;
			buildSettings = {
				ALWAYS_SEARCH_USER_PATHS = NO;
				CLANG_CXX_LANGUAGE_STANDARD = "gnu++0x";
				CLANG_CXX_LIBRARY = "libc++";
				CLANG_ENABLE_MODULES = YES;
				CLANG_ENABLE_OBJC_ARC = YES;
				CLANG_WARN_BOOL_CONVERSION = YES;
				CLANG_WARN_CONSTANT_CONVERSION = YES;
				CLANG_WARN_DIRECT_OBJC_ISA_USAGE = YES_ERROR;
				CLANG_WARN_EMPTY_BODY = YES;
				CLANG_WARN_ENUM_CONVERSION = YES;
				CLANG_WARN_INT_CONVERSION = YES;
				CLANG_WARN_OBJC_ROOT_CLASS = YES_ERROR;
				CLANG_WARN_UNREACHABLE_CODE = YES;
				CLANG_WARN__DUPLICATE_METHOD_MATCH = YES;
				"CODE_SIGN_IDENTITY[sdk=iphoneos*]" = "iPhone Developer";
				COPY_PHASE_STRIP = NO;
				DEBUG_INFORMATION_FORMAT = "dwarf-with-dsym";
				ENABLE_STRICT_OBJC_MSGSEND = YES;
				GCC_C_LANGUAGE_STANDARD = gnu99;
				GCC_DYNAMIC_NO_PIC = NO;
				GCC_NO_COMMON_BLOCKS = YES;
				GCC_OPTIMIZATION_LEVEL = 0;
				GCC_PREPROCESSOR_DEFINITIONS = (
					"DEBUG=1",
					"$(inherited)",
				);
				GCC_SYMBOLS_PRIVATE_EXTERN = NO;
				GCC_WARN_64_TO_32_BIT_CONVERSION = YES;
				GCC_WARN_ABOUT_RETURN_TYPE = YES_ERROR;
				GCC_WARN_UNDECLARED_SELECTOR = YES;
				GCC_WARN_UNINITIALIZED_AUTOS = YES_AGGRESSIVE;
				GCC_WARN_UNUSED_FUNCTION = YES;
				GCC_WARN_UNUSED_VARIABLE = YES;
				IPHONEOS_DEPLOYMENT_TARGET = 8.3;
				MTL_ENABLE_DEBUG_INFO = YES;
				ONLY_ACTIVE_ARCH = YES;
				SDKROOT = iphoneos;
				SWIFT_OPTIMIZATION_LEVEL = "-Onone";
			};
			name = Debug;
		};
		0996AE3E1ADB2DC30022CF64 /* Release */ = {
			isa = XCBuildConfiguration;
			buildSettings = {
				ALWAYS_SEARCH_USER_PATHS = NO;
				CLANG_CXX_LANGUAGE_STANDARD = "gnu++0x";
				CLANG_CXX_LIBRARY = "libc++";
				CLANG_ENABLE_MODULES = YES;
				CLANG_ENABLE_OBJC_ARC = YES;
				CLANG_WARN_BOOL_CONVERSION = YES;
				CLANG_WARN_CONSTANT_CONVERSION = YES;
				CLANG_WARN_DIRECT_OBJC_ISA_USAGE = YES_ERROR;
				CLANG_WARN_EMPTY_BODY = YES;
				CLANG_WARN_ENUM_CONVERSION = YES;
				CLANG_WARN_INT_CONVERSION = YES;
				CLANG_WARN_OBJC_ROOT_CLASS = YES_ERROR;
				CLANG_WARN_UNREACHABLE_CODE = YES;
				CLANG_WARN__DUPLICATE_METHOD_MATCH = YES;
				"CODE_SIGN_IDENTITY[sdk=iphoneos*]" = "iPhone Developer";
				COPY_PHASE_STRIP = NO;
				DEBUG_INFORMATION_FORMAT = "dwarf-with-dsym";
				ENABLE_NS_ASSERTIONS = NO;
				ENABLE_STRICT_OBJC_MSGSEND = YES;
				GCC_C_LANGUAGE_STANDARD = gnu99;
				GCC_NO_COMMON_BLOCKS = YES;
				GCC_WARN_64_TO_32_BIT_CONVERSION = YES;
				GCC_WARN_ABOUT_RETURN_TYPE = YES_ERROR;
				GCC_WARN_UNDECLARED_SELECTOR = YES;
				GCC_WARN_UNINITIALIZED_AUTOS = YES_AGGRESSIVE;
				GCC_WARN_UNUSED_FUNCTION = YES;
				GCC_WARN_UNUSED_VARIABLE = YES;
				IPHONEOS_DEPLOYMENT_TARGET = 8.3;
				MTL_ENABLE_DEBUG_INFO = NO;
				SDKROOT = iphoneos;
				VALIDATE_PRODUCT = YES;
			};
			name = Release;
		};
		0996AE401ADB2DC30022CF64 /* Debug */ = {
			isa = XCBuildConfiguration;
			baseConfigurationReference = 337BA60D99158BB672063A86 /* Pods.debug.xcconfig */;
			buildSettings = {
				ASSETCATALOG_COMPILER_APPICON_NAME = AppIcon;
				CLANG_ENABLE_MODULES = YES;
				INFOPLIST_FILE = "Zhixuan Lai/Info.plist";
				LD_RUNPATH_SEARCH_PATHS = "$(inherited) @executable_path/Frameworks";
				PRODUCT_NAME = "$(TARGET_NAME)";
				SWIFT_INSTALL_OBJC_HEADER = YES;
				SWIFT_OBJC_BRIDGING_HEADER = "Zhixuan Lai-Bridging-Header.h";
				SWIFT_OPTIMIZATION_LEVEL = "-Onone";
			};
			name = Debug;
		};
		0996AE411ADB2DC30022CF64 /* Release */ = {
			isa = XCBuildConfiguration;
			baseConfigurationReference = C35E64CA5A2E695D1F8BED87 /* Pods.release.xcconfig */;
			buildSettings = {
				ASSETCATALOG_COMPILER_APPICON_NAME = AppIcon;
				CLANG_ENABLE_MODULES = YES;
				INFOPLIST_FILE = "Zhixuan Lai/Info.plist";
				LD_RUNPATH_SEARCH_PATHS = "$(inherited) @executable_path/Frameworks";
				PRODUCT_NAME = "$(TARGET_NAME)";
				SWIFT_INSTALL_OBJC_HEADER = YES;
				SWIFT_OBJC_BRIDGING_HEADER = "Zhixuan Lai-Bridging-Header.h";
			};
			name = Release;
		};
		0996AE431ADB2DC30022CF64 /* Debug */ = {
			isa = XCBuildConfiguration;
			baseConfigurationReference = 337BA60D99158BB672063A86 /* Pods.debug.xcconfig */;
			buildSettings = {
				BUNDLE_LOADER = "$(TEST_HOST)";
				FRAMEWORK_SEARCH_PATHS = (
					"$(SDKROOT)/Developer/Library/Frameworks",
					"$(inherited)",
				);
				GCC_PREPROCESSOR_DEFINITIONS = (
					"DEBUG=1",
					"$(inherited)",
				);
				INFOPLIST_FILE = "Zhixuan LaiTests/Info.plist";
				LD_RUNPATH_SEARCH_PATHS = "$(inherited) @executable_path/Frameworks @loader_path/Frameworks";
				PRODUCT_NAME = "$(TARGET_NAME)";
				TEST_HOST = "$(BUILT_PRODUCTS_DIR)/Zhixuan Lai.app/Zhixuan Lai";
			};
			name = Debug;
		};
		0996AE441ADB2DC30022CF64 /* Release */ = {
			isa = XCBuildConfiguration;
			baseConfigurationReference = C35E64CA5A2E695D1F8BED87 /* Pods.release.xcconfig */;
			buildSettings = {
				BUNDLE_LOADER = "$(TEST_HOST)";
				FRAMEWORK_SEARCH_PATHS = (
					"$(SDKROOT)/Developer/Library/Frameworks",
					"$(inherited)",
				);
				INFOPLIST_FILE = "Zhixuan LaiTests/Info.plist";
				LD_RUNPATH_SEARCH_PATHS = "$(inherited) @executable_path/Frameworks @loader_path/Frameworks";
				PRODUCT_NAME = "$(TARGET_NAME)";
				TEST_HOST = "$(BUILT_PRODUCTS_DIR)/Zhixuan Lai.app/Zhixuan Lai";
			};
			name = Release;
		};
/* End XCBuildConfiguration section */

/* Begin XCConfigurationList section */
		0996AE1B1ADB2DC30022CF64 /* Build configuration list for PBXProject "Zhixuan Lai" */ = {
			isa = XCConfigurationList;
			buildConfigurations = (
				0996AE3D1ADB2DC30022CF64 /* Debug */,
				0996AE3E1ADB2DC30022CF64 /* Release */,
			);
			defaultConfigurationIsVisible = 0;
			defaultConfigurationName = Release;
		};
		0996AE3F1ADB2DC30022CF64 /* Build configuration list for PBXNativeTarget "Zhixuan Lai" */ = {
			isa = XCConfigurationList;
			buildConfigurations = (
				0996AE401ADB2DC30022CF64 /* Debug */,
				0996AE411ADB2DC30022CF64 /* Release */,
			);
			defaultConfigurationIsVisible = 0;
			defaultConfigurationName = Release;
		};
		0996AE421ADB2DC30022CF64 /* Build configuration list for PBXNativeTarget "Zhixuan LaiTests" */ = {
			isa = XCConfigurationList;
			buildConfigurations = (
				0996AE431ADB2DC30022CF64 /* Debug */,
				0996AE441ADB2DC30022CF64 /* Release */,
			);
			defaultConfigurationIsVisible = 0;
			defaultConfigurationName = Release;
		};
/* End XCConfigurationList section */
	};
	rootObject = 0996AE181ADB2DC30022CF64 /* Project object */;
}
